# THIS IS AN AUTOGENERATED FILE. DO NOT EDIT THIS FILE DIRECTLY.
# yarn lockfile v1


lodash.throttle@^4.0.0:
  version "4.1.1"
  resolved "https://registry.yarnpkg.com/lodash.throttle/-/lodash.throttle-4.1.1.tgz#c23e91b710242ac70c37f1e1cda9274cc39bf2f4"

material-colors@^1.0.0:
  version "1.2.5"
  resolved "https://registry.yarnpkg.com/material-colors/-/material-colors-1.2.5.tgz#5292593e6754cb1bcc2b98030e4e0d6a3afc9ea1"

tinycolor2@^1.1.2:
  version "1.4.1"
  resolved "https://registry.yarnpkg.com/tinycolor2/-/tinycolor2-1.4.1.tgz#f4fad333447bc0b07d4dc8e9209d8f39a8ac77e8"

vue-color@^2.4.3:
  version "2.4.3"
  resolved "https://registry.yarnpkg.com/vue-color/-/vue-color-2.4.3.tgz#184bff4e4c163a6dd391cdbf460172cef600c187"
  dependencies:
    lodash.throttle "^4.0.0"
    material-colors "^1.0.0"
    tinycolor2 "^1.1.2"
